
Microsoft Visual Studio Solution File, Format Version 12.00
# Visual Studio Version 17
VisualStudioVersion = 17.9.34723.18
MinimumVisualStudioVersion = 10.0.40219.1
Project("{FAE04EC0-301F-11D3-BF4B-00C04F79EFBC}") = "CoreValidation", "CoreValidation\CoreValidation.csproj", "{68684ABE-5AA9-4219-BCCB-FC0651EAC310}"
EndProject
Global
	GlobalSection(SolutionConfigurationPlatforms) = preSolution
		Debug|Any CPU = Debug|Any CPU
		Release|Any CPU = Release|Any CPU
	EndGlobalSection
	GlobalSection(ProjectConfigurationPlatforms) = postSolution
		{68684ABE-5AA9-4219-BCCB-FC0651EAC310}.Debug|Any CPU.ActiveCfg = Debug|Any CPU
		{68684ABE-5AA9-4219-BCCB-FC0651EAC310}.Debug|Any CPU.Build.0 = Debug|Any CPU
		{68684ABE-5AA9-4219-BCCB-FC0651EAC310}.Release|Any CPU.ActiveCfg = Release|Any CPU
		{68684ABE-5AA9-4219-BCCB-FC0651EAC310}.Release|Any CPU.Build.0 = Release|Any CPU
	EndGlobalSection
	GlobalSection(SolutionProperties) = preSolution
		HideSolutionNode = FALSE
	EndGlobalSection
	GlobalSection(ExtensibilityGlobals) = postSolution
		SolutionGuid = {55247283-F837-46CC-95F2-9D9E7B4F5A6F}
	EndGlobalSection
EndGlobal
